
Microsoft Visual Studio Solution File, Format Version 12.00
# Visual Studio Version 16
VisualStudioVersion = 16.0.31005.135
MinimumVisualStudioVersion = 10.0.40219.1
Project("{FAE04EC0-301F-11D3-BF4B-00C04F79EFBC}") = "AutomatedHumanContactMonitorySystemAPI", "AutomatedHumanContactMonitorySystemAPI\AutomatedHumanContactMonitorySystemAPI.csproj", "{9E0A35D4-705A-45B3-9B09-1ECA01E5F6F5}"
EndProject
Project("{FAE04EC0-301F-11D3-BF4B-00C04F79EFBC}") = "AHCMS.App", "AHCMS.App\AHCMS.App.csproj", "{FB6D361C-60A7-44AE-8964-143D7C1F7431}"
EndProject
Global
	GlobalSection(SolutionConfigurationPlatforms) = preSolution
		Debug|Any CPU = Debug|Any CPU
		Release|Any CPU = Release|Any CPU
	EndGlobalSection
	GlobalSection(ProjectConfigurationPlatforms) = postSolution
		{9E0A35D4-705A-45B3-9B09-1ECA01E5F6F5}.Debug|Any CPU.ActiveCfg = Debug|Any CPU
		{9E0A35D4-705A-45B3-9B09-1ECA01E5F6F5}.Debug|Any CPU.Build.0 = Debug|Any CPU
		{9E0A35D4-705A-45B3-9B09-1ECA01E5F6F5}.Release|Any CPU.ActiveCfg = Release|Any CPU
		{9E0A35D4-705A-45B3-9B09-1ECA01E5F6F5}.Release|Any CPU.Build.0 = Release|Any CPU
		{FB6D361C-60A7-44AE-8964-143D7C1F7431}.Debug|Any CPU.ActiveCfg = Debug|Any CPU
		{FB6D361C-60A7-44AE-8964-143D7C1F7431}.Debug|Any CPU.Build.0 = Debug|Any CPU
		{FB6D361C-60A7-44AE-8964-143D7C1F7431}.Release|Any CPU.ActiveCfg = Release|Any CPU
		{FB6D361C-60A7-44AE-8964-143D7C1F7431}.Release|Any CPU.Build.0 = Release|Any CPU
	EndGlobalSection
	GlobalSection(SolutionProperties) = preSolution
		HideSolutionNode = FALSE
	EndGlobalSection
	GlobalSection(ExtensibilityGlobals) = postSolution
		SolutionGuid = {0E210D7A-EFF9-4091-A7A9-BEB683048690}
	EndGlobalSection
EndGlobal
